Microsoft Visual Studio Solution File, Format Version 11.00
# Visual Studio 2008

Project("{8876D0E3-E1F3-6F1C-FB07-B066CDAAB626}") = "hexdecks", "Assembly-CSharp.csproj", "{831FC142-61E3-E36C-8BDA-28176E4F2D9A}"
EndProject
Global
	GlobalSection(SolutionConfigurationPlatforms) = preSolution
		Debug|Any CPU = Debug|Any CPU
		Release|Any CPU = Release|Any CPU
	EndGlobalSection
	GlobalSection(ProjectConfigurationPlatforms) = postSolution
		{831FC142-61E3-E36C-8BDA-28176E4F2D9A}.Debug|Any CPU.ActiveCfg = Debug|Any CPU
		{831FC142-61E3-E36C-8BDA-28176E4F2D9A}.Debug|Any CPU.Build.0 = Debug|Any CPU
		{831FC142-61E3-E36C-8BDA-28176E4F2D9A}.Release|Any CPU.ActiveCfg = Release|Any CPU
		{831FC142-61E3-E36C-8BDA-28176E4F2D9A}.Release|Any CPU.Build.0 = Release|Any CPU
	EndGlobalSection
	GlobalSection(SolutionProperties) = preSolution
		HideSolutionNode = FALSE
	EndGlobalSection
	GlobalSection(MonoDevelopProperties) = preSolution
		StartupItem = Assembly-CSharp.csproj
	EndGlobalSection
EndGlobal
